
Microsoft Visual Studio Solution File, Format Version 12.00
# Visual Studio Version 16
VisualStudioVersion = 16.0.29926.136
MinimumVisualStudioVersion = 10.0.40219.1
Project("{FAE04EC0-301F-11D3-BF4B-00C04F79EFBC}") = "PhotoSift", "PhotoSift\PhotoSift.csproj", "{8533E525-96B3-4CA6-BE36-B68F6C319F12}"
EndProject
Project("{2150E333-8FDC-42A3-9474-1A3956D46DE8}") = "Solution Items", "Solution Items", "{CB7C5D23-8B1C-42EC-B30B-6A7EF4D9EBCE}"
EndProject
Global
	GlobalSection(SolutionConfigurationPlatforms) = preSolution
		Debug|Any CPU = Debug|Any CPU
		Debug|x64 = Debug|x64
		Debug|x86 = Debug|x86
		Release|Any CPU = Release|Any CPU
		Release|x64 = Release|x64
		Release|x86 = Release|x86
		RLV Debug|Any CPU = RLV Debug|Any CPU
		RLV Debug|x64 = RLV Debug|x64
		RLV Debug|x86 = RLV Debug|x86
		RLV Release|Any CPU = RLV Release|Any CPU
		RLV Release|x64 = RLV Release|x64
		RLV Release|x86 = RLV Release|x86
	EndGlobalSection
	GlobalSection(ProjectConfigurationPlatforms) = postSolution
		{8533E525-96B3-4CA6-BE36-B68F6C319F12}.Debug|Any CPU.ActiveCfg = Debug|Any CPU
		{8533E525-96B3-4CA6-BE36-B68F6C319F12}.Debug|Any CPU.Build.0 = Debug|Any CPU
		{8533E525-96B3-4CA6-BE36-B68F6C319F12}.Debug|x64.ActiveCfg = Debug|x86
		{8533E525-96B3-4CA6-BE36-B68F6C319F12}.Debug|x64.Build.0 = Debug|x86
		{8533E525-96B3-4CA6-BE36-B68F6C319F12}.Debug|x86.ActiveCfg = Debug|x86
		{8533E525-96B3-4CA6-BE36-B68F6C319F12}.Debug|x86.Build.0 = Debug|x86
		{8533E525-96B3-4CA6-BE36-B68F6C319F12}.Release|Any CPU.ActiveCfg = Release|Any CPU
		{8533E525-96B3-4CA6-BE36-B68F6C319F12}.Release|Any CPU.Build.0 = Release|Any CPU
		{8533E525-96B3-4CA6-BE36-B68F6C319F12}.Release|x64.ActiveCfg = Release|x64
		{8533E525-96B3-4CA6-BE36-B68F6C319F12}.Release|x64.Build.0 = Release|x64
		{8533E525-96B3-4CA6-BE36-B68F6C319F12}.Release|x86.ActiveCfg = Release|x86
		{8533E525-96B3-4CA6-BE36-B68F6C319F12}.Release|x86.Build.0 = Release|x86
		{8533E525-96B3-4CA6-BE36-B68F6C319F12}.RLV Debug|Any CPU.ActiveCfg = RLV Debug|Any CPU
		{8533E525-96B3-4CA6-BE36-B68F6C319F12}.RLV Debug|Any CPU.Build.0 = RLV Debug|Any CPU
		{8533E525-96B3-4CA6-BE36-B68F6C319F12}.RLV Debug|x64.ActiveCfg = RLV Debug|x64
		{8533E525-96B3-4CA6-BE36-B68F6C319F12}.RLV Debug|x64.Build.0 = RLV Debug|x64
		{8533E525-96B3-4CA6-BE36-B68F6C319F12}.RLV Debug|x86.ActiveCfg = RLV Debug|x86
		{8533E525-96B3-4CA6-BE36-B68F6C319F12}.RLV Debug|x86.Build.0 = RLV Debug|x86
		{8533E525-96B3-4CA6-BE36-B68F6C319F12}.RLV Release|Any CPU.ActiveCfg = RLV Release|Any CPU
		{8533E525-96B3-4CA6-BE36-B68F6C319F12}.RLV Release|Any CPU.Build.0 = RLV Release|Any CPU
		{8533E525-96B3-4CA6-BE36-B68F6C319F12}.RLV Release|x64.ActiveCfg = RLV Release|x64
		{8533E525-96B3-4CA6-BE36-B68F6C319F12}.RLV Release|x64.Build.0 = RLV Release|x64
		{8533E525-96B3-4CA6-BE36-B68F6C319F12}.RLV Release|x86.ActiveCfg = RLV Release|x86
		{8533E525-96B3-4CA6-BE36-B68F6C319F12}.RLV Release|x86.Build.0 = RLV Release|x86
	EndGlobalSection
	GlobalSection(SolutionProperties) = preSolution
		HideSolutionNode = FALSE
	EndGlobalSection
	GlobalSection(ExtensibilityGlobals) = postSolution
		SolutionGuid = {90F40E19-39F8-457C-8FF6-2B6A5F67C8BE}
	EndGlobalSection
EndGlobal
